# THIS IS AN AUTOGENERATED FILE. DO NOT EDIT THIS FILE DIRECTLY.
# yarn lockfile v1


moment@~2.18.1:
  version "2.18.1"
  resolved "https://registry.yarnpkg.com/moment/-/moment-2.18.1.tgz#c36193dd3ce1c2eed2adb7c802dbbc77a81b1c0f"

vcards-js@^2.8.0:
  version "2.8.0"
  resolved "https://registry.yarnpkg.com/vcards-js/-/vcards-js-2.8.0.tgz#7ca00354b8f8e47ffdfc21937e46c8d71a655d80"
  dependencies:
    moment "~2.18.1"
